
Microsoft Visual Studio Solution File, Format Version 12.00
# Visual Studio 15
VisualStudioVersion = 15.0.26730.15
MinimumVisualStudioVersion = 10.0.40219.1
Project("{FAE04EC0-301F-11D3-BF4B-00C04F79EFBC}") = "Bursty.Domain", "Domain\Bursty.Domain.csproj", "{C0835827-D7CC-496A-813C-80D76B8D4931}"
EndProject
Project("{FAE04EC0-301F-11D3-BF4B-00C04F79EFBC}") = "Bursty.Service", "Service\Bursty.Service.csproj", "{2F6F8F22-C9A3-4D5C-9485-6606E019DAA5}"
EndProject
Project("{FAE04EC0-301F-11D3-BF4B-00C04F79EFBC}") = "Bursty.Integration", "Integration\Bursty.Integration.csproj", "{F387CCB0-5B50-46A4-87DB-73815F7167D8}"
EndProject
Project("{FAE04EC0-301F-11D3-BF4B-00C04F79EFBC}") = "Bursty.Presentation", "Presentation\Bursty.Presentation.csproj", "{4C67A3C9-8F52-4966-A3AC-BFFD9C5327BD}"
EndProject
Project("{930C7802-8A8C-48F9-8165-68863BCCD9DD}") = "Bursty.Installer", "Installer\Bursty.Installer.wixproj", "{3E4A3E8B-EDAB-4C54-AD00-8E4879DE9F2F}"
EndProject
Project("{2150E333-8FDC-42A3-9474-1A3956D46DE8}") = "Installer", "Installer", "{2D8ECF11-337A-421B-943C-87A6F8CB7D68}"
EndProject
Project("{930C7802-8A8C-48F9-8165-68863BCCD9DD}") = "Bursty.Installer.Library", "Bursty.Installer.Library\Bursty.Installer.Library.wixproj", "{4B47741F-3C1B-452E-A226-2850DBBE312B}"
EndProject
Project("{930C7802-8A8C-48F9-8165-68863BCCD9DD}") = "Bursty.Installer.BootStrapper", "Bursty.Installer.BootStrapper\Bursty.Installer.BootStrapper.wixproj", "{0E9B0649-F28F-420A-AC53-0EB7E7D01E2E}"
EndProject
Global
	GlobalSection(SolutionConfigurationPlatforms) = preSolution
		Debug|Any CPU = Debug|Any CPU
		Debug|x86 = Debug|x86
		Release|Any CPU = Release|Any CPU
		Release|x86 = Release|x86
	EndGlobalSection
	GlobalSection(ProjectConfigurationPlatforms) = postSolution
		{C0835827-D7CC-496A-813C-80D76B8D4931}.Debug|Any CPU.ActiveCfg = Debug|Any CPU
		{C0835827-D7CC-496A-813C-80D76B8D4931}.Debug|Any CPU.Build.0 = Debug|Any CPU
		{C0835827-D7CC-496A-813C-80D76B8D4931}.Debug|x86.ActiveCfg = Debug|Any CPU
		{C0835827-D7CC-496A-813C-80D76B8D4931}.Debug|x86.Build.0 = Debug|Any CPU
		{C0835827-D7CC-496A-813C-80D76B8D4931}.Release|Any CPU.ActiveCfg = Release|Any CPU
		{C0835827-D7CC-496A-813C-80D76B8D4931}.Release|Any CPU.Build.0 = Release|Any CPU
		{C0835827-D7CC-496A-813C-80D76B8D4931}.Release|x86.ActiveCfg = Release|Any CPU
		{C0835827-D7CC-496A-813C-80D76B8D4931}.Release|x86.Build.0 = Release|Any CPU
		{2F6F8F22-C9A3-4D5C-9485-6606E019DAA5}.Debug|Any CPU.ActiveCfg = Debug|Any CPU
		{2F6F8F22-C9A3-4D5C-9485-6606E019DAA5}.Debug|Any CPU.Build.0 = Debug|Any CPU
		{2F6F8F22-C9A3-4D5C-9485-6606E019DAA5}.Debug|x86.ActiveCfg = Debug|Any CPU
		{2F6F8F22-C9A3-4D5C-9485-6606E019DAA5}.Debug|x86.Build.0 = Debug|Any CPU
		{2F6F8F22-C9A3-4D5C-9485-6606E019DAA5}.Release|Any CPU.ActiveCfg = Release|Any CPU
		{2F6F8F22-C9A3-4D5C-9485-6606E019DAA5}.Release|Any CPU.Build.0 = Release|Any CPU
		{2F6F8F22-C9A3-4D5C-9485-6606E019DAA5}.Release|x86.ActiveCfg = Release|Any CPU
		{2F6F8F22-C9A3-4D5C-9485-6606E019DAA5}.Release|x86.Build.0 = Release|Any CPU
		{F387CCB0-5B50-46A4-87DB-73815F7167D8}.Debug|Any CPU.ActiveCfg = Debug|Any CPU
		{F387CCB0-5B50-46A4-87DB-73815F7167D8}.Debug|Any CPU.Build.0 = Debug|Any CPU
		{F387CCB0-5B50-46A4-87DB-73815F7167D8}.Debug|x86.ActiveCfg = Debug|Any CPU
		{F387CCB0-5B50-46A4-87DB-73815F7167D8}.Debug|x86.Build.0 = Debug|Any CPU
		{F387CCB0-5B50-46A4-87DB-73815F7167D8}.Release|Any CPU.ActiveCfg = Release|Any CPU
		{F387CCB0-5B50-46A4-87DB-73815F7167D8}.Release|Any CPU.Build.0 = Release|Any CPU
		{F387CCB0-5B50-46A4-87DB-73815F7167D8}.Release|x86.ActiveCfg = Release|Any CPU
		{F387CCB0-5B50-46A4-87DB-73815F7167D8}.Release|x86.Build.0 = Release|Any CPU
		{4C67A3C9-8F52-4966-A3AC-BFFD9C5327BD}.Debug|Any CPU.ActiveCfg = Debug|Any CPU
		{4C67A3C9-8F52-4966-A3AC-BFFD9C5327BD}.Debug|Any CPU.Build.0 = Debug|Any CPU
		{4C67A3C9-8F52-4966-A3AC-BFFD9C5327BD}.Debug|x86.ActiveCfg = Debug|Any CPU
		{4C67A3C9-8F52-4966-A3AC-BFFD9C5327BD}.Debug|x86.Build.0 = Debug|Any CPU
		{4C67A3C9-8F52-4966-A3AC-BFFD9C5327BD}.Release|Any CPU.ActiveCfg = Release|Any CPU
		{4C67A3C9-8F52-4966-A3AC-BFFD9C5327BD}.Release|Any CPU.Build.0 = Release|Any CPU
		{4C67A3C9-8F52-4966-A3AC-BFFD9C5327BD}.Release|x86.ActiveCfg = Release|Any CPU
		{4C67A3C9-8F52-4966-A3AC-BFFD9C5327BD}.Release|x86.Build.0 = Release|Any CPU
		{3E4A3E8B-EDAB-4C54-AD00-8E4879DE9F2F}.Debug|Any CPU.ActiveCfg = Debug|x86
		{3E4A3E8B-EDAB-4C54-AD00-8E4879DE9F2F}.Debug|x86.ActiveCfg = Debug|x86
		{3E4A3E8B-EDAB-4C54-AD00-8E4879DE9F2F}.Debug|x86.Build.0 = Debug|x86
		{3E4A3E8B-EDAB-4C54-AD00-8E4879DE9F2F}.Release|Any CPU.ActiveCfg = Release|x86
		{3E4A3E8B-EDAB-4C54-AD00-8E4879DE9F2F}.Release|x86.ActiveCfg = Release|x86
		{3E4A3E8B-EDAB-4C54-AD00-8E4879DE9F2F}.Release|x86.Build.0 = Release|x86
		{4B47741F-3C1B-452E-A226-2850DBBE312B}.Debug|Any CPU.ActiveCfg = Debug|x86
		{4B47741F-3C1B-452E-A226-2850DBBE312B}.Debug|x86.ActiveCfg = Debug|x86
		{4B47741F-3C1B-452E-A226-2850DBBE312B}.Debug|x86.Build.0 = Debug|x86
		{4B47741F-3C1B-452E-A226-2850DBBE312B}.Release|Any CPU.ActiveCfg = Release|x86
		{4B47741F-3C1B-452E-A226-2850DBBE312B}.Release|x86.ActiveCfg = Release|x86
		{4B47741F-3C1B-452E-A226-2850DBBE312B}.Release|x86.Build.0 = Release|x86
		{0E9B0649-F28F-420A-AC53-0EB7E7D01E2E}.Debug|Any CPU.ActiveCfg = Debug|x86
		{0E9B0649-F28F-420A-AC53-0EB7E7D01E2E}.Debug|x86.ActiveCfg = Debug|x86
		{0E9B0649-F28F-420A-AC53-0EB7E7D01E2E}.Debug|x86.Build.0 = Debug|x86
		{0E9B0649-F28F-420A-AC53-0EB7E7D01E2E}.Release|Any CPU.ActiveCfg = Release|x86
		{0E9B0649-F28F-420A-AC53-0EB7E7D01E2E}.Release|x86.ActiveCfg = Release|x86
		{0E9B0649-F28F-420A-AC53-0EB7E7D01E2E}.Release|x86.Build.0 = Release|x86
	EndGlobalSection
	GlobalSection(SolutionProperties) = preSolution
		HideSolutionNode = FALSE
	EndGlobalSection
	GlobalSection(NestedProjects) = preSolution
		{3E4A3E8B-EDAB-4C54-AD00-8E4879DE9F2F} = {2D8ECF11-337A-421B-943C-87A6F8CB7D68}
		{4B47741F-3C1B-452E-A226-2850DBBE312B} = {2D8ECF11-337A-421B-943C-87A6F8CB7D68}
		{0E9B0649-F28F-420A-AC53-0EB7E7D01E2E} = {2D8ECF11-337A-421B-943C-87A6F8CB7D68}
	EndGlobalSection
	GlobalSection(ExtensibilityGlobals) = postSolution
		SolutionGuid = {549A5A08-1D5D-48D8-817A-30C07F0CD7A0}
	EndGlobalSection
EndGlobal
