
Microsoft Visual Studio Solution File, Format Version 12.00
# Visual Studio 15
VisualStudioVersion = 15.0.26730.15
MinimumVisualStudioVersion = 10.0.40219.1
Project("{FAE04EC0-301F-11D3-BF4B-00C04F79EFBC}") = "Service", "Service\Service.csproj", "{2F6F8F22-C9A3-4D5C-9485-6606E019DAA5}"
EndProject
Project("{FAE04EC0-301F-11D3-BF4B-00C04F79EFBC}") = "Presentation", "Presentation\Presentation.csproj", "{4C67A3C9-8F52-4966-A3AC-BFFD9C5327BD}"
EndProject
Project("{2150E333-8FDC-42A3-9474-1A3956D46DE8}") = "Installer", "Installer", "{C2F7C4D0-7BE1-4E78-BFD7-87E6B5638808}"
EndProject
Project("{930C7802-8A8C-48F9-8165-68863BCCD9DD}") = "Bursty.Setup", "Bursty.Setup\Bursty.Setup.wixproj", "{012E32BF-E6D3-481B-8725-2D508B913BF2}"
EndProject
Project("{930C7802-8A8C-48F9-8165-68863BCCD9DD}") = "Bursty.BootStrapper", "Bursty.BootStrapper\Bursty.BootStrapper.wixproj", "{2C4B7667-D374-424C-882C-DEC79967E0E7}"
EndProject
Project("{FAE04EC0-301F-11D3-BF4B-00C04F79EFBC}") = "Domain", "Domain\Domain.csproj", "{35A76E33-CC15-4BB2-BAD3-17349A6AD805}"
EndProject
Global
	GlobalSection(SolutionConfigurationPlatforms) = preSolution
		Debug|Any CPU = Debug|Any CPU
		Debug|x86 = Debug|x86
		Release|Any CPU = Release|Any CPU
		Release|x86 = Release|x86
	EndGlobalSection
	GlobalSection(ProjectConfigurationPlatforms) = postSolution
		{2F6F8F22-C9A3-4D5C-9485-6606E019DAA5}.Debug|Any CPU.ActiveCfg = Debug|Any CPU
		{2F6F8F22-C9A3-4D5C-9485-6606E019DAA5}.Debug|Any CPU.Build.0 = Debug|Any CPU
		{2F6F8F22-C9A3-4D5C-9485-6606E019DAA5}.Debug|x86.ActiveCfg = Debug|Any CPU
		{2F6F8F22-C9A3-4D5C-9485-6606E019DAA5}.Debug|x86.Build.0 = Debug|Any CPU
		{2F6F8F22-C9A3-4D5C-9485-6606E019DAA5}.Release|Any CPU.ActiveCfg = Release|Any CPU
		{2F6F8F22-C9A3-4D5C-9485-6606E019DAA5}.Release|Any CPU.Build.0 = Release|Any CPU
		{2F6F8F22-C9A3-4D5C-9485-6606E019DAA5}.Release|x86.ActiveCfg = Release|Any CPU
		{2F6F8F22-C9A3-4D5C-9485-6606E019DAA5}.Release|x86.Build.0 = Release|Any CPU
		{4C67A3C9-8F52-4966-A3AC-BFFD9C5327BD}.Debug|Any CPU.ActiveCfg = Debug|Any CPU
		{4C67A3C9-8F52-4966-A3AC-BFFD9C5327BD}.Debug|Any CPU.Build.0 = Debug|Any CPU
		{4C67A3C9-8F52-4966-A3AC-BFFD9C5327BD}.Debug|x86.ActiveCfg = Debug|Any CPU
		{4C67A3C9-8F52-4966-A3AC-BFFD9C5327BD}.Debug|x86.Build.0 = Debug|Any CPU
		{4C67A3C9-8F52-4966-A3AC-BFFD9C5327BD}.Release|Any CPU.ActiveCfg = Release|Any CPU
		{4C67A3C9-8F52-4966-A3AC-BFFD9C5327BD}.Release|Any CPU.Build.0 = Release|Any CPU
		{4C67A3C9-8F52-4966-A3AC-BFFD9C5327BD}.Release|x86.ActiveCfg = Release|Any CPU
		{4C67A3C9-8F52-4966-A3AC-BFFD9C5327BD}.Release|x86.Build.0 = Release|Any CPU
		{012E32BF-E6D3-481B-8725-2D508B913BF2}.Debug|Any CPU.ActiveCfg = Debug|x86
		{012E32BF-E6D3-481B-8725-2D508B913BF2}.Debug|x86.ActiveCfg = Debug|x86
		{012E32BF-E6D3-481B-8725-2D508B913BF2}.Debug|x86.Build.0 = Debug|x86
		{012E32BF-E6D3-481B-8725-2D508B913BF2}.Release|Any CPU.ActiveCfg = Release|x86
		{012E32BF-E6D3-481B-8725-2D508B913BF2}.Release|x86.ActiveCfg = Release|x86
		{012E32BF-E6D3-481B-8725-2D508B913BF2}.Release|x86.Build.0 = Release|x86
		{2C4B7667-D374-424C-882C-DEC79967E0E7}.Debug|Any CPU.ActiveCfg = Debug|x86
		{2C4B7667-D374-424C-882C-DEC79967E0E7}.Debug|x86.ActiveCfg = Debug|x86
		{2C4B7667-D374-424C-882C-DEC79967E0E7}.Debug|x86.Build.0 = Debug|x86
		{2C4B7667-D374-424C-882C-DEC79967E0E7}.Release|Any CPU.ActiveCfg = Release|x86
		{2C4B7667-D374-424C-882C-DEC79967E0E7}.Release|x86.ActiveCfg = Release|x86
		{2C4B7667-D374-424C-882C-DEC79967E0E7}.Release|x86.Build.0 = Release|x86
		{35A76E33-CC15-4BB2-BAD3-17349A6AD805}.Debug|Any CPU.ActiveCfg = Debug|Any CPU
		{35A76E33-CC15-4BB2-BAD3-17349A6AD805}.Debug|Any CPU.Build.0 = Debug|Any CPU
		{35A76E33-CC15-4BB2-BAD3-17349A6AD805}.Debug|x86.ActiveCfg = Debug|Any CPU
		{35A76E33-CC15-4BB2-BAD3-17349A6AD805}.Debug|x86.Build.0 = Debug|Any CPU
		{35A76E33-CC15-4BB2-BAD3-17349A6AD805}.Release|Any CPU.ActiveCfg = Release|Any CPU
		{35A76E33-CC15-4BB2-BAD3-17349A6AD805}.Release|Any CPU.Build.0 = Release|Any CPU
		{35A76E33-CC15-4BB2-BAD3-17349A6AD805}.Release|x86.ActiveCfg = Release|Any CPU
		{35A76E33-CC15-4BB2-BAD3-17349A6AD805}.Release|x86.Build.0 = Release|Any CPU
	EndGlobalSection
	GlobalSection(SolutionProperties) = preSolution
		HideSolutionNode = FALSE
	EndGlobalSection
	GlobalSection(NestedProjects) = preSolution
		{012E32BF-E6D3-481B-8725-2D508B913BF2} = {C2F7C4D0-7BE1-4E78-BFD7-87E6B5638808}
		{2C4B7667-D374-424C-882C-DEC79967E0E7} = {C2F7C4D0-7BE1-4E78-BFD7-87E6B5638808}
	EndGlobalSection
	GlobalSection(ExtensibilityGlobals) = postSolution
		SolutionGuid = {549A5A08-1D5D-48D8-817A-30C07F0CD7A0}
	EndGlobalSection
EndGlobal
